
Microsoft Visual Studio Solution File, Format Version 12.00
# Visual Studio Version 17
VisualStudioVersion = 17.5.33414.496
MinimumVisualStudioVersion = 10.0.40219.1
Project("{FAE04EC0-301F-11D3-BF4B-00C04F79EFBC}") = "Buegee", "Buegee.csproj", "{8BDC7103-57CD-479E-B84B-562844206E8C}"
EndProject
Global
	GlobalSection(SolutionConfigurationPlatforms) = preSolution
		Debug|Any CPU = Debug|Any CPU
		Release|Any CPU = Release|Any CPU
	EndGlobalSection
	GlobalSection(ProjectConfigurationPlatforms) = postSolution
		{8BDC7103-57CD-479E-B84B-562844206E8C}.Debug|Any CPU.ActiveCfg = Debug|Any CPU
		{8BDC7103-57CD-479E-B84B-562844206E8C}.Debug|Any CPU.Build.0 = Debug|Any CPU
		{8BDC7103-57CD-479E-B84B-562844206E8C}.Release|Any CPU.ActiveCfg = Release|Any CPU
		{8BDC7103-57CD-479E-B84B-562844206E8C}.Release|Any CPU.Build.0 = Release|Any CPU
	EndGlobalSection
	GlobalSection(SolutionProperties) = preSolution
		HideSolutionNode = FALSE
	EndGlobalSection
	GlobalSection(ExtensibilityGlobals) = postSolution
		SolutionGuid = {5480F2DF-4B52-4BC9-A83F-64ED5CC21159}
	EndGlobalSection
EndGlobal
